
Microsoft Visual Studio Solution File, Format Version 12.00
# Visual Studio Version 17
VisualStudioVersion = 17.1.32210.238
MinimumVisualStudioVersion = 10.0.40219.1
Project("{FAE04EC0-301F-11D3-BF4B-00C04F79EFBC}") = "MiniETicaretAPI", "MiniETicaretAPI\MiniETicaretAPI.csproj", "{EB952074-1223-47D6-AA4A-856C51EBBE3F}"
EndProject
Global
	GlobalSection(SolutionConfigurationPlatforms) = preSolution
		Debug|Any CPU = Debug|Any CPU
		Release|Any CPU = Release|Any CPU
	EndGlobalSection
	GlobalSection(ProjectConfigurationPlatforms) = postSolution
		{EB952074-1223-47D6-AA4A-856C51EBBE3F}.Debug|Any CPU.ActiveCfg = Debug|Any CPU
		{EB952074-1223-47D6-AA4A-856C51EBBE3F}.Debug|Any CPU.Build.0 = Debug|Any CPU
		{EB952074-1223-47D6-AA4A-856C51EBBE3F}.Release|Any CPU.ActiveCfg = Release|Any CPU
		{EB952074-1223-47D6-AA4A-856C51EBBE3F}.Release|Any CPU.Build.0 = Release|Any CPU
	EndGlobalSection
	GlobalSection(SolutionProperties) = preSolution
		HideSolutionNode = FALSE
	EndGlobalSection
	GlobalSection(ExtensibilityGlobals) = postSolution
		SolutionGuid = {CD8D1896-D649-478C-BEA2-2470A00C727F}
	EndGlobalSection
EndGlobal
